
Microsoft Visual Studio Solution File, Format Version 11.00
# Visual Basic Express 2010
Project("{F184B08F-C81C-45F6-A57F-5ABD9991F28F}") = "Dawson_Ian_ObjectHeight", "Dawson_Ian_ObjectHeight\Dawson_Ian_ObjectHeight.vbproj", "{ACC9E35B-BD1F-48AF-886D-52D336D1A3F6}"
EndProject
Global
	GlobalSection(SolutionConfigurationPlatforms) = preSolution
		Debug|x86 = Debug|x86
		Release|x86 = Release|x86
	EndGlobalSection
	GlobalSection(ProjectConfigurationPlatforms) = postSolution
		{ACC9E35B-BD1F-48AF-886D-52D336D1A3F6}.Debug|x86.ActiveCfg = Debug|x86
		{ACC9E35B-BD1F-48AF-886D-52D336D1A3F6}.Debug|x86.Build.0 = Debug|x86
		{ACC9E35B-BD1F-48AF-886D-52D336D1A3F6}.Release|x86.ActiveCfg = Release|x86
		{ACC9E35B-BD1F-48AF-886D-52D336D1A3F6}.Release|x86.Build.0 = Release|x86
	EndGlobalSection
	GlobalSection(SolutionProperties) = preSolution
		HideSolutionNode = FALSE
	EndGlobalSection
EndGlobal
