
Microsoft Visual Studio Solution File, Format Version 11.00
# Visual Basic Express 2010
Project("{F184B08F-C81C-45F6-A57F-5ABD9991F28F}") = "Dawson_Ian_Ch4Guessing_2", "Dawson_Ian_Ch4Guessing_2\Dawson_Ian_Ch4Guessing_2.vbproj", "{ECC22092-391B-4A0B-A81E-B116784BF0BC}"
EndProject
Global
	GlobalSection(SolutionConfigurationPlatforms) = preSolution
		Debug|x86 = Debug|x86
		Release|x86 = Release|x86
	EndGlobalSection
	GlobalSection(ProjectConfigurationPlatforms) = postSolution
		{ECC22092-391B-4A0B-A81E-B116784BF0BC}.Debug|x86.ActiveCfg = Debug|x86
		{ECC22092-391B-4A0B-A81E-B116784BF0BC}.Debug|x86.Build.0 = Debug|x86
		{ECC22092-391B-4A0B-A81E-B116784BF0BC}.Release|x86.ActiveCfg = Release|x86
		{ECC22092-391B-4A0B-A81E-B116784BF0BC}.Release|x86.Build.0 = Release|x86
	EndGlobalSection
	GlobalSection(SolutionProperties) = preSolution
		HideSolutionNode = FALSE
	EndGlobalSection
EndGlobal
