
Microsoft Visual Studio Solution File, Format Version 11.00
# Visual Basic Express 2010
Project("{F184B08F-C81C-45F6-A57F-5ABD9991F28F}") = "Dawson_Ian_Ch7Ex5", "Dawson_Ian_Ch7Ex5\Dawson_Ian_Ch7Ex5.vbproj", "{79FAB51A-2591-404A-9300-E7B3FE38D6EA}"
EndProject
Global
	GlobalSection(SolutionConfigurationPlatforms) = preSolution
		Debug|x86 = Debug|x86
		Release|x86 = Release|x86
	EndGlobalSection
	GlobalSection(ProjectConfigurationPlatforms) = postSolution
		{79FAB51A-2591-404A-9300-E7B3FE38D6EA}.Debug|x86.ActiveCfg = Debug|x86
		{79FAB51A-2591-404A-9300-E7B3FE38D6EA}.Debug|x86.Build.0 = Debug|x86
		{79FAB51A-2591-404A-9300-E7B3FE38D6EA}.Release|x86.ActiveCfg = Release|x86
		{79FAB51A-2591-404A-9300-E7B3FE38D6EA}.Release|x86.Build.0 = Release|x86
	EndGlobalSection
	GlobalSection(SolutionProperties) = preSolution
		HideSolutionNode = FALSE
	EndGlobalSection
EndGlobal
