
Microsoft Visual Studio Solution File, Format Version 11.00
# Visual Basic Express 2010
Project("{F184B08F-C81C-45F6-A57F-5ABD9991F28F}") = "Dawson_Ian_Ch7InverseTrigFunctions", "Dawson_Ian_Ch7InverseTrigFunctions\Dawson_Ian_Ch7InverseTrigFunctions.vbproj", "{886B2F2E-4BCB-438F-97CB-5F82A8259B4A}"
EndProject
Global
	GlobalSection(SolutionConfigurationPlatforms) = preSolution
		Debug|x86 = Debug|x86
		Release|x86 = Release|x86
	EndGlobalSection
	GlobalSection(ProjectConfigurationPlatforms) = postSolution
		{886B2F2E-4BCB-438F-97CB-5F82A8259B4A}.Debug|x86.ActiveCfg = Debug|x86
		{886B2F2E-4BCB-438F-97CB-5F82A8259B4A}.Debug|x86.Build.0 = Debug|x86
		{886B2F2E-4BCB-438F-97CB-5F82A8259B4A}.Release|x86.ActiveCfg = Release|x86
		{886B2F2E-4BCB-438F-97CB-5F82A8259B4A}.Release|x86.Build.0 = Release|x86
	EndGlobalSection
	GlobalSection(SolutionProperties) = preSolution
		HideSolutionNode = FALSE
	EndGlobalSection
EndGlobal
