
Microsoft Visual Studio Solution File, Format Version 11.00
# Visual Basic Express 2010
Project("{F184B08F-C81C-45F6-A57F-5ABD9991F28F}") = "Dawson_Ian_Ch4RPS", "Dawson_Ian_Ch4RPS\Dawson_Ian_Ch4RPS.vbproj", "{182E3D83-D8DD-4F30-AFB2-5E85B89C4608}"
EndProject
Global
	GlobalSection(SolutionConfigurationPlatforms) = preSolution
		Debug|x86 = Debug|x86
		Release|x86 = Release|x86
	EndGlobalSection
	GlobalSection(ProjectConfigurationPlatforms) = postSolution
		{182E3D83-D8DD-4F30-AFB2-5E85B89C4608}.Debug|x86.ActiveCfg = Debug|x86
		{182E3D83-D8DD-4F30-AFB2-5E85B89C4608}.Debug|x86.Build.0 = Debug|x86
		{182E3D83-D8DD-4F30-AFB2-5E85B89C4608}.Release|x86.ActiveCfg = Release|x86
		{182E3D83-D8DD-4F30-AFB2-5E85B89C4608}.Release|x86.Build.0 = Release|x86
	EndGlobalSection
	GlobalSection(SolutionProperties) = preSolution
		HideSolutionNode = FALSE
	EndGlobalSection
EndGlobal
